
Microsoft Visual Studio Solution File, Format Version 12.00
# Visual Studio Version 17
VisualStudioVersion = 17.4.33213.308
MinimumVisualStudioVersion = 10.0.40219.1
Project("{FAE04EC0-301F-11D3-BF4B-00C04F79EFBC}") = "ClientExportConsoleApp", "ClientExportConsoleApp.csproj", "{02A43869-10E5-4109-832E-87DF8BE1756C}"
EndProject
Global
	GlobalSection(SolutionConfigurationPlatforms) = preSolution
		Debug|Any CPU = Debug|Any CPU
		Release|Any CPU = Release|Any CPU
	EndGlobalSection
	GlobalSection(ProjectConfigurationPlatforms) = postSolution
		{02A43869-10E5-4109-832E-87DF8BE1756C}.Debug|Any CPU.ActiveCfg = Debug|Any CPU
		{02A43869-10E5-4109-832E-87DF8BE1756C}.Debug|Any CPU.Build.0 = Debug|Any CPU
		{02A43869-10E5-4109-832E-87DF8BE1756C}.Release|Any CPU.ActiveCfg = Release|Any CPU
		{02A43869-10E5-4109-832E-87DF8BE1756C}.Release|Any CPU.Build.0 = Release|Any CPU
	EndGlobalSection
	GlobalSection(SolutionProperties) = preSolution
		HideSolutionNode = FALSE
	EndGlobalSection
	GlobalSection(ExtensibilityGlobals) = postSolution
		SolutionGuid = {EC367C51-246B-4AA3-AC7C-0B8A487CEF98}
	EndGlobalSection
EndGlobal
